Microsoft Visual Studio Solution File, Format Version 12.00
# Visual Studio Version 17
VisualStudioVersion = 17.5.2.0
MinimumVisualStudioVersion = 10.0.40219.1
Project("{FAE04EC0-301F-11D3-BF4B-00C04F79EFBC}") = "file-renamer", "file-renamer.csproj", "{7A83C8EC-77E1-B7BA-614C-4193FD89EDFB}"
EndProject
Global
	GlobalSection(SolutionConfigurationPlatforms) = preSolution
		Debug|Any CPU = Debug|Any CPU
		Release|Any CPU = Release|Any CPU
	EndGlobalSection
	GlobalSection(ProjectConfigurationPlatforms) = postSolution
		{7A83C8EC-77E1-B7BA-614C-4193FD89EDFB}.Debug|Any CPU.ActiveCfg = Debug|Any CPU
		{7A83C8EC-77E1-B7BA-614C-4193FD89EDFB}.Debug|Any CPU.Build.0 = Debug|Any CPU
		{7A83C8EC-77E1-B7BA-614C-4193FD89EDFB}.Release|Any CPU.ActiveCfg = Release|Any CPU
		{7A83C8EC-77E1-B7BA-614C-4193FD89EDFB}.Release|Any CPU.Build.0 = Release|Any CPU
	EndGlobalSection
	GlobalSection(SolutionProperties) = preSolution
		HideSolutionNode = FALSE
	EndGlobalSection
	GlobalSection(ExtensibilityGlobals) = postSolution
		SolutionGuid = {D3DB2B65-A142-4A60-B39C-12133F4DCD74}
	EndGlobalSection
Project("{FAE04EC0-301F-11D3-BF4B-00C04F79EFBC}") = "FileRenamer.Tests", "../../Tests/FileRenamer.Tests/FileRenamer.Tests.csproj", "{B1A1B1A1-1111-2222-3333-444444444444}"
EndProject
Global
       GlobalSection(SolutionConfigurationPlatforms) = preSolution
	       Debug|Any CPU = Debug|Any CPU
	       Release|Any CPU = Release|Any CPU
       EndGlobalSection
       GlobalSection(ProjectConfigurationPlatforms) = postSolution
	       {7A83C8EC-77E1-B7BA-614C-4193FD89EDFB}.Debug|Any CPU.ActiveCfg = Debug|Any CPU
	       {7A83C8EC-77E1-B7BA-614C-4193FD89EDFB}.Debug|Any CPU.Build.0 = Debug|Any CPU
	       {7A83C8EC-77E1-B7BA-614C-4193FD89EDFB}.Release|Any CPU.ActiveCfg = Release|Any CPU
	       {7A83C8EC-77E1-B7BA-614C-4193FD89EDFB}.Release|Any CPU.Build.0 = Release|Any CPU
	       {B1A1B1A1-1111-2222-3333-444444444444}.Debug|Any CPU.ActiveCfg = Debug|Any CPU
	       {B1A1B1A1-1111-2222-3333-444444444444}.Debug|Any CPU.Build.0 = Debug|Any CPU
	       {B1A1B1A1-1111-2222-3333-444444444444}.Release|Any CPU.ActiveCfg = Release|Any CPU
	       {B1A1B1A1-1111-2222-3333-444444444444}.Release|Any CPU.Build.0 = Release|Any CPU
       EndGlobalSection
       GlobalSection(SolutionProperties) = preSolution
	       HideSolutionNode = FALSE
       EndGlobalSection
       GlobalSection(ExtensibilityGlobals) = postSolution
	       SolutionGuid = {D3DB2B65-A142-4A60-B39C-12133F4DCD74}
       EndGlobalSection
EndGlobal
